
Microsoft Visual Studio Solution File, Format Version 12.00
# Visual Studio 14
VisualStudioVersion = 14.0.22418.1
MinimumVisualStudioVersion = 10.0.40219.1
Project("{2150E333-8FDC-42A3-9474-1A3956D46DE8}") = "src", "src", "{4380CB73-6DA1-4A40-9E6D-B209DAE76AC5}"
EndProject
Project("{8BB2217D-0F2D-49D1-97BC-3654ED321F3B}") = "ReactTests", "src\ReactTests\ReactTests.kproj", "{8B523159-A47F-4174-9E1D-36E251E0A47C}"
EndProject
Project("{2150E333-8FDC-42A3-9474-1A3956D46DE8}") = "Solution Items", "Solution Items", "{7CFD109E-0DF4-4094-88A0-A49A57771199}"
	ProjectSection(SolutionItems) = preProject
		global.json = global.json
	EndProjectSection
EndProject
Global
	GlobalSection(SolutionConfigurationPlatforms) = preSolution
		Debug|Any CPU = Debug|Any CPU
		Release|Any CPU = Release|Any CPU
	EndGlobalSection
	GlobalSection(ProjectConfigurationPlatforms) = postSolution
		{8B523159-A47F-4174-9E1D-36E251E0A47C}.Debug|Any CPU.ActiveCfg = Debug|Any CPU
		{8B523159-A47F-4174-9E1D-36E251E0A47C}.Debug|Any CPU.Build.0 = Debug|Any CPU
		{8B523159-A47F-4174-9E1D-36E251E0A47C}.Release|Any CPU.ActiveCfg = Release|Any CPU
		{8B523159-A47F-4174-9E1D-36E251E0A47C}.Release|Any CPU.Build.0 = Release|Any CPU
	EndGlobalSection
	GlobalSection(SolutionProperties) = preSolution
		HideSolutionNode = FALSE
	EndGlobalSection
	GlobalSection(NestedProjects) = preSolution
		{8B523159-A47F-4174-9E1D-36E251E0A47C} = {4380CB73-6DA1-4A40-9E6D-B209DAE76AC5}
	EndGlobalSection
EndGlobal
